// !$*UTF8*$!
{
	archiveVersion = 1;
	classes = {
	};
	objectVersion = 46;
	objects = {

/* Begin PBXBuildFile section */
		BC1403CF1EA097C90066D0B9 /* AppDelegate.swift in Sources */ = {isa = PBXBuildFile; fileRef = BC1403CE1EA097C90066D0B9 /* AppDelegate.swift */; };
		BC1403D11EA097C90066D0B9 /* ViewController.swift in Sources */ = {isa = PBXBuildFile; fileRef = BC1403D01EA097C90066D0B9 /* ViewController.swift */; };
		BC1403D41EA097C90066D0B9 /* Main.storyboard in Resources */ = {isa = PBXBuildFile; fileRef = BC1403D21EA097C90066D0B9 /* Main.storyboard */; };
		BC1403D61EA097C90066D0B9 /* Assets.xcassets in Resources */ = {isa = PBXBuildFile; fileRef = BC1403D51EA097C90066D0B9 /* Assets.xcassets */; };
		BC1403D91EA097C90066D0B9 /* LaunchScreen.storyboard in Resources */ = {isa = PBXBuildFile; fileRef = BC1403D71EA097C90066D0B9 /* LaunchScreen.storyboard */; };
		BC1403E41EA097CA0066D0B9 /* ios_filter_demoTests.swift in Sources */ = {isa = PBXBuildFile; fileRef = BC1403E31EA097CA0066D0B9 /* ios_filter_demoTests.swift */; };
		BC1403EF1EA09BA90066D0B9 /* FilterString.swift in Sources */ = {isa = PBXBuildFile; fileRef = BC1403EE1EA09BA90066D0B9 /* FilterString.swift */; };
		BC1D94E81EA09EB500133D67 /* FilterListViewController.swift in Sources */ = {isa = PBXBuildFile; fileRef = BC1D94E71EA09EB500133D67 /* FilterListViewController.swift */; };
		BC1D94EC1EA0A2AF00133D67 /* UIStoryboard+Ex.swift in Sources */ = {isa = PBXBuildFile; fileRef = BC1D94EB1EA0A2AF00133D67 /* UIStoryboard+Ex.swift */; };
/* End PBXBuildFile section */

/* Begin PBXContainerItemProxy section */
		BC1403E01EA097CA0066D0B9 /* PBXContainerItemProxy */ = {
			isa = PBXContainerItemProxy;
			containerPortal = BC1403C31EA097C90066D0B9 /* Project object */;
			proxyType = 1;
			remoteGlobalIDString = BC1403CA1EA097C90066D0B9;
			remoteInfo = "ios-filter-demo";
		};
/* End PBXContainerItemProxy section */

/* Begin PBXFileReference section */
		BC1403CB1EA097C90066D0B9 /* ios-filter-demo.app */ = {isa = PBXFileReference; explicitFileType = wrapper.application; includeInIndex = 0; path = "ios-filter-demo.app"; sourceTree = BUILT_PRODUCTS_DIR; };
		BC1403CE1EA097C90066D0B9 /* AppDelegate.swift */ = {isa = PBXFileReference; lastKnownFileType = sourcecode.swift; path = AppDelegate.swift; sourceTree = "<group>"; };
		BC1403D01EA097C90066D0B9 /* ViewController.swift */ = {isa = PBXFileReference; lastKnownFileType = sourcecode.swift; path = ViewController.swift; sourceTree = "<group>"; };
		BC1403D31EA097C90066D0B9 /* Base */ = {isa = PBXFileReference; lastKnownFileType = file.storyboard; name = Base; path = Base.lproj/Main.storyboard; sourceTree = "<group>"; };
		BC1403D51EA097C90066D0B9 /* Assets.xcassets */ = {isa = PBXFileReference; lastKnownFileType = folder.assetcatalog; path = Assets.xcassets; sourceTree = "<group>"; };
		BC1403D81EA097C90066D0B9 /* Base */ = {isa = PBXFileReference; lastKnownFileType = file.storyboard; name = Base; path = Base.lproj/LaunchScreen.storyboard; sourceTree = "<group>"; };
		BC1403DA1EA097C90066D0B9 /* Info.plist */ = {isa = PBXFileReference; lastKnownFileType = text.plist.xml; path = Info.plist; sourceTree = "<group>"; };
		BC1403DF1EA097CA0066D0B9 /* ios-filter-demoTests.xctest */ = {isa = PBXFileReference; explicitFileType = wrapper.cfbundle; includeInIndex = 0; path = "ios-filter-demoTests.xctest"; sourceTree = BUILT_PRODUCTS_DIR; };
		BC1403E31EA097CA0066D0B9 /* ios_filter_demoTests.swift */ = {isa = PBXFileReference; lastKnownFileType = sourcecode.swift; path = ios_filter_demoTests.swift; sourceTree = "<group>"; };
		BC1403E51EA097CA0066D0B9 /* Info.plist */ = {isa = PBXFileReference; lastKnownFileType = text.plist.xml; path = Info.plist; sourceTree = "<group>"; };
		BC1403EE1EA09BA90066D0B9 /* FilterString.swift */ = {isa = PBXFileReference; fileEncoding = 4; lastKnownFileType = sourcecode.swift; path = FilterString.swift; sourceTree = "<group>"; };
		BC1D94E71EA09EB500133D67 /* FilterListViewController.swift */ = {isa = PBXFileReference; fileEncoding = 4; lastKnownFileType = sourcecode.swift; path = FilterListViewController.swift; sourceTree = "<group>"; };
		BC1D94EB1EA0A2AF00133D67 /* UIStoryboard+Ex.swift */ = {isa = PBXFileReference; fileEncoding = 4; lastKnownFileType = sourcecode.swift; path = "UIStoryboard+Ex.swift"; sourceTree = "<group>"; };
/* End PBXFileReference section */

/* Begin PBXFrameworksBuildPhase section */
		BC1403C81EA097C90066D0B9 /* Frameworks */ = {
			isa = PBXFrameworksBuildPhase;
			buildActionMask = 2147483647;
			files = (
			);
			runOnlyForDeploymentPostprocessing = 0;
		};
		BC1403DC1EA097CA0066D0B9 /* Frameworks */ = {
			isa = PBXFrameworksBuildPhase;
			buildActionMask = 2147483647;
			files = (
			);
			runOnlyForDeploymentPostprocessing = 0;
		};
/* End PBXFrameworksBuildPhase section */

/* Begin PBXGroup section */
		BC1403C21EA097C90066D0B9 = {
			isa = PBXGroup;
			children = (
				BC1403CD1EA097C90066D0B9 /* ios-filter-demo */,
				BC1403E21EA097CA0066D0B9 /* ios-filter-demoTests */,
				BC1403CC1EA097C90066D0B9 /* Products */,
			);
			sourceTree = "<group>";
		};
		BC1403CC1EA097C90066D0B9 /* Products */ = {
			isa = PBXGroup;
			children = (
				BC1403CB1EA097C90066D0B9 /* ios-filter-demo.app */,
				BC1403DF1EA097CA0066D0B9 /* ios-filter-demoTests.xctest */,
			);
			name = Products;
			sourceTree = "<group>";
		};
		BC1403CD1EA097C90066D0B9 /* ios-filter-demo */ = {
			isa = PBXGroup;
			children = (
				BC1D94E91EA09F1300133D67 /* Controllers */,
				BC1D94EA1EA0A2A200133D67 /* Extensions */,
				BC1403DA1EA097C90066D0B9 /* Info.plist */,
				BC1D94EE1EA0A7C500133D67 /* Others */,
				BC1D94ED1EA0A7B400133D67 /* Utils */,
			);
			path = "ios-filter-demo";
			sourceTree = "<group>";
		};
		BC1403E21EA097CA0066D0B9 /* ios-filter-demoTests */ = {
			isa = PBXGroup;
			children = (
				BC1403E31EA097CA0066D0B9 /* ios_filter_demoTests.swift */,
				BC1403E51EA097CA0066D0B9 /* Info.plist */,
			);
			path = "ios-filter-demoTests";
			sourceTree = "<group>";
		};
		BC1D94E91EA09F1300133D67 /* Controllers */ = {
			isa = PBXGroup;
			children = (
				BC1403D01EA097C90066D0B9 /* ViewController.swift */,
				BC1403D21EA097C90066D0B9 /* Main.storyboard */,
				BC1D94E71EA09EB500133D67 /* FilterListViewController.swift */,
			);
			name = Controllers;
			sourceTree = "<group>";
		};
		BC1D94EA1EA0A2A200133D67 /* Extensions */ = {
			isa = PBXGroup;
			children = (
				BC1D94EB1EA0A2AF00133D67 /* UIStoryboard+Ex.swift */,
			);
			name = Extensions;
			sourceTree = "<group>";
		};
		BC1D94ED1EA0A7B400133D67 /* Utils */ = {
			isa = PBXGroup;
			children = (
				BC1403EE1EA09BA90066D0B9 /* FilterString.swift */,
			);
			name = Utils;
			sourceTree = "<group>";
		};
		BC1D94EE1EA0A7C500133D67 /* Others */ = {
			isa = PBXGroup;
			children = (
				BC1403CE1EA097C90066D0B9 /* AppDelegate.swift */,
				BC1403D51EA097C90066D0B9 /* Assets.xcassets */,
				BC1403D71EA097C90066D0B9 /* LaunchScreen.storyboard */,
			);
			name = Others;
			sourceTree = "<group>";
		};
/* End PBXGroup section */

/* Begin PBXNativeTarget section */
		BC1403CA1EA097C90066D0B9 /* ios-filter-demo */ = {
			isa = PBXNativeTarget;
			buildConfigurationList = BC1403E81EA097CA0066D0B9 /* Build configuration list for PBXNativeTarget "ios-filter-demo" */;
			buildPhases = (
				BC1403C71EA097C90066D0B9 /* Sources */,
				BC1403C81EA097C90066D0B9 /* Frameworks */,
				BC1403C91EA097C90066D0B9 /* Resources */,
			);
			buildRules = (
			);
			dependencies = (
			);
			name = "ios-filter-demo";
			productName = "ios-filter-demo";
			productReference = BC1403CB1EA097C90066D0B9 /* ios-filter-demo.app */;
			productType = "com.apple.product-type.application";
		};
		BC1403DE1EA097CA0066D0B9 /* ios-filter-demoTests */ = {
			isa = PBXNativeTarget;
			buildConfigurationList = BC1403EB1EA097CA0066D0B9 /* Build configuration list for PBXNativeTarget "ios-filter-demoTests" */;
			buildPhases = (
				BC1403DB1EA097CA0066D0B9 /* Sources */,
				BC1403DC1EA097CA0066D0B9 /* Frameworks */,
				BC1403DD1EA097CA0066D0B9 /* Resources */,
			);
			buildRules = (
			);
			dependencies = (
				BC1403E11EA097CA0066D0B9 /* PBXTargetDependency */,
			);
			name = "ios-filter-demoTests";
			productName = "ios-filter-demoTests";
			productReference = BC1403DF1EA097CA0066D0B9 /* ios-filter-demoTests.xctest */;
			productType = "com.apple.product-type.bundle.unit-test";
		};
/* End PBXNativeTarget section */

/* Begin PBXProject section */
		BC1403C31EA097C90066D0B9 /* Project object */ = {
			isa = PBXProject;
			attributes = {
				LastSwiftUpdateCheck = 0830;
				LastUpgradeCheck = 0830;
				ORGANIZATIONNAME = "Eiji Kushida";
				TargetAttributes = {
					BC1403CA1EA097C90066D0B9 = {
						CreatedOnToolsVersion = 8.3.1;
						DevelopmentTeam = PCCZJUYRT6;
						ProvisioningStyle = Automatic;
					};
					BC1403DE1EA097CA0066D0B9 = {
						CreatedOnToolsVersion = 8.3.1;
						ProvisioningStyle = Automatic;
						TestTargetID = BC1403CA1EA097C90066D0B9;
					};
				};
			};
			buildConfigurationList = BC1403C61EA097C90066D0B9 /* Build configuration list for PBXProject "ios-filter-demo" */;
			compatibilityVersion = "Xcode 3.2";
			developmentRegion = English;
			hasScannedForEncodings = 0;
			knownRegions = (
				en,
				Base,
			);
			mainGroup = BC1403C21EA097C90066D0B9;
			productRefGroup = BC1403CC1EA097C90066D0B9 /* Products */;
			projectDirPath = "";
			projectRoot = "";
			targets = (
				BC1403CA1EA097C90066D0B9 /* ios-filter-demo */,
				BC1403DE1EA097CA0066D0B9 /* ios-filter-demoTests */,
			);
		};
/* End PBXProject section */

/* Begin PBXResourcesBuildPhase section */
		BC1403C91EA097C90066D0B9 /* Resources */ = {
			isa = PBXResourcesBuildPhase;
			buildActionMask = 2147483647;
			files = (
				BC1403D91EA097C90066D0B9 /* LaunchScreen.storyboard in Resources */,
				BC1403D61EA097C90066D0B9 /* Assets.xcassets in Resources */,
				BC1403D41EA097C90066D0B9 /* Main.storyboard in Resources */,
			);
			runOnlyForDeploymentPostprocessing = 0;
		};
		BC1403DD1EA097CA0066D0B9 /* Resources */ = {
			isa = PBXResourcesBuildPhase;
			buildActionMask = 2147483647;
			files = (
			);
			runOnlyForDeploymentPostprocessing = 0;
		};
/* End PBXResourcesBuildPhase section */

/* Begin PBXSourcesBuildPhase section */
		BC1403C71EA097C90066D0B9 /* Sources */ = {
			isa = PBXSourcesBuildPhase;
			buildActionMask = 2147483647;
			files = (
				BC1403EF1EA09BA90066D0B9 /* FilterString.swift in Sources */,
				BC1403D11EA097C90066D0B9 /* ViewController.swift in Sources */,
				BC1D94EC1EA0A2AF00133D67 /* UIStoryboard+Ex.swift in Sources */,
				BC1D94E81EA09EB500133D67 /* FilterListViewController.swift in Sources */,
				BC1403CF1EA097C90066D0B9 /* AppDelegate.swift in Sources */,
			);
			runOnlyForDeploymentPostprocessing = 0;
		};
		BC1403DB1EA097CA0066D0B9 /* Sources */ = {
			isa = PBXSourcesBuildPhase;
			buildActionMask = 2147483647;
			files = (
				BC1403E41EA097CA0066D0B9 /* ios_filter_demoTests.swift in Sources */,
			);
			runOnlyForDeploymentPostprocessing = 0;
		};
/* End PBXSourcesBuildPhase section */

/* Begin PBXTargetDependency section */
		BC1403E11EA097CA0066D0B9 /* PBXTargetDependency */ = {
			isa = PBXTargetDependency;
			target = BC1403CA1EA097C90066D0B9 /* ios-filter-demo */;
			targetProxy = BC1403E01EA097CA0066D0B9 /* PBXContainerItemProxy */;
		};
/* End PBXTargetDependency section */

/* Begin PBXVariantGroup section */
		BC1403D21EA097C90066D0B9 /* Main.storyboard */ = {
			isa = PBXVariantGroup;
			children = (
				BC1403D31EA097C90066D0B9 /* Base */,
			);
			name = Main.storyboard;
			sourceTree = "<group>";
		};
		BC1403D71EA097C90066D0B9 /* LaunchScreen.storyboard */ = {
			isa = PBXVariantGroup;
			children = (
				BC1403D81EA097C90066D0B9 /* Base */,
			);
			name = LaunchScreen.storyboard;
			sourceTree = "<group>";
		};
/* End PBXVariantGroup section */

/* Begin XCBuildConfiguration section */
		BC1403E61EA097CA0066D0B9 /* Debug */ = {
			isa = XCBuildConfiguration;
			buildSettings = {
				ALWAYS_SEARCH_USER_PATHS = NO;
				CLANG_ANALYZER_NONNULL = YES;
				CLANG_ANALYZER_NUMBER_OBJECT_CONVERSION = YES_AGGRESSIVE;
				CLANG_CXX_LANGUAGE_STANDARD = "gnu++0x";
				CLANG_CXX_LIBRARY = "libc++";
				CLANG_ENABLE_MODULES = YES;
				CLANG_ENABLE_OBJC_ARC = YES;
				CLANG_WARN_BOOL_CONVERSION = YES;
				CLANG_WARN_CONSTANT_CONVERSION = YES;
				CLANG_WARN_DIRECT_OBJC_ISA_USAGE = YES_ERROR;
				CLANG_WARN_DOCUMENTATION_COMMENTS = YES;
				CLANG_WARN_EMPTY_BODY = YES;
				CLANG_WARN_ENUM_CONVERSION = YES;
				CLANG_WARN_INFINITE_RECURSION = YES;
				CLANG_WARN_INT_CONVERSION = YES;
				CLANG_WARN_OBJC_ROOT_CLASS = YES_ERROR;
				CLANG_WARN_SUSPICIOUS_MOVE = YES;
				CLANG_WARN_UNREACHABLE_CODE = YES;
				CLANG_WARN__DUPLICATE_METHOD_MATCH = YES;
				"CODE_SIGN_IDENTITY[sdk=iphoneos*]" = "iPhone Developer";
				COPY_PHASE_STRIP = NO;
				DEBUG_INFORMATION_FORMAT = dwarf;
				ENABLE_STRICT_OBJC_MSGSEND = YES;
				ENABLE_TESTABILITY = YES;
				GCC_C_LANGUAGE_STANDARD = gnu99;
				GCC_DYNAMIC_NO_PIC = NO;
				GCC_NO_COMMON_BLOCKS = YES;
				GCC_OPTIMIZATION_LEVEL = 0;
				GCC_PREPROCESSOR_DEFINITIONS = (
					"DEBUG=1",
					"$(inherited)",
				);
				GCC_WARN_64_TO_32_BIT_CONVERSION = YES;
				GCC_WARN_ABOUT_RETURN_TYPE = YES_ERROR;
				GCC_WARN_UNDECLARED_SELECTOR = YES;
				GCC_WARN_UNINITIALIZED_AUTOS = YES_AGGRESSIVE;
				GCC_WARN_UNUSED_FUNCTION = YES;
				GCC_WARN_UNUSED_VARIABLE = YES;
				IPHONEOS_DEPLOYMENT_TARGET = 10.3;
				MTL_ENABLE_DEBUG_INFO = YES;
				ONLY_ACTIVE_ARCH = YES;
				SDKROOT = iphoneos;
				SWIFT_ACTIVE_COMPILATION_CONDITIONS = DEBUG;
				SWIFT_OPTIMIZATION_LEVEL = "-Onone";
			};
			name = Debug;
		};
		BC1403E71EA097CA0066D0B9 /* Release */ = {
			isa = XCBuildConfiguration;
			buildSettings = {
				ALWAYS_SEARCH_USER_PATHS = NO;
				CLANG_ANALYZER_NONNULL = YES;
				CLANG_ANALYZER_NUMBER_OBJECT_CONVERSION = YES_AGGRESSIVE;
				CLANG_CXX_LANGUAGE_STANDARD = "gnu++0x";
				CLANG_CXX_LIBRARY = "libc++";
				CLANG_ENABLE_MODULES = YES;
				CLANG_ENABLE_OBJC_ARC = YES;
				CLANG_WARN_BOOL_CONVERSION = YES;
				CLANG_WARN_CONSTANT_CONVERSION = YES;
				CLANG_WARN_DIRECT_OBJC_ISA_USAGE = YES_ERROR;
				CLANG_WARN_DOCUMENTATION_COMMENTS = YES;
				CLANG_WARN_EMPTY_BODY = YES;
				CLANG_WARN_ENUM_CONVERSION = YES;
				CLANG_WARN_INFINITE_RECURSION = YES;
				CLANG_WARN_INT_CONVERSION = YES;
				CLANG_WARN_OBJC_ROOT_CLASS = YES_ERROR;
				CLANG_WARN_SUSPICIOUS_MOVE = YES;
				CLANG_WARN_UNREACHABLE_CODE = YES;
				CLANG_WARN__DUPLICATE_METHOD_MATCH = YES;
				"CODE_SIGN_IDENTITY[sdk=iphoneos*]" = "iPhone Developer";
				COPY_PHASE_STRIP = NO;
				DEBUG_INFORMATION_FORMAT = "dwarf-with-dsym";
				ENABLE_NS_ASSERTIONS = NO;
				ENABLE_STRICT_OBJC_MSGSEND = YES;
				GCC_C_LANGUAGE_STANDARD = gnu99;
				GCC_NO_COMMON_BLOCKS = YES;
				GCC_WARN_64_TO_32_BIT_CONVERSION = YES;
				GCC_WARN_ABOUT_RETURN_TYPE = YES_ERROR;
				GCC_WARN_UNDECLARED_SELECTOR = YES;
				GCC_WARN_UNINITIALIZED_AUTOS = YES_AGGRESSIVE;
				GCC_WARN_UNUSED_FUNCTION = YES;
				GCC_WARN_UNUSED_VARIABLE = YES;
				IPHONEOS_DEPLOYMENT_TARGET = 10.3;
				MTL_ENABLE_DEBUG_INFO = NO;
				SDKROOT = iphoneos;
				SWIFT_OPTIMIZATION_LEVEL = "-Owholemodule";
				VALIDATE_PRODUCT = YES;
			};
			name = Release;
		};
		BC1403E91EA097CA0066D0B9 /* Debug */ = {
			isa = XCBuildConfiguration;
			buildSettings = {
				ASSETCATALOG_COMPILER_APPICON_NAME = AppIcon;
				CODE_SIGN_IDENTITY = "iPhone Developer";
				DEVELOPMENT_TEAM = PCCZJUYRT6;
				INFOPLIST_FILE = "ios-filter-demo/Info.plist";
				IPHONEOS_DEPLOYMENT_TARGET = 10.2;
				LD_RUNPATH_SEARCH_PATHS = "$(inherited) @executable_path/Frameworks";
				PRODUCT_BUNDLE_IDENTIFIER = "jp.st-ventures.ios-filter-demo";
				PRODUCT_NAME = "$(TARGET_NAME)";
				SWIFT_VERSION = 3.0;
			};
			name = Debug;
		};
		BC1403EA1EA097CA0066D0B9 /* Release */ = {
			isa = XCBuildConfiguration;
			buildSettings = {
				ASSETCATALOG_COMPILER_APPICON_NAME = AppIcon;
				CODE_SIGN_IDENTITY = "iPhone Developer";
				DEVELOPMENT_TEAM = PCCZJUYRT6;
				INFOPLIST_FILE = "ios-filter-demo/Info.plist";
				IPHONEOS_DEPLOYMENT_TARGET = 10.2;
				LD_RUNPATH_SEARCH_PATHS = "$(inherited) @executable_path/Frameworks";
				PRODUCT_BUNDLE_IDENTIFIER = "jp.st-ventures.ios-filter-demo";
				PRODUCT_NAME = "$(TARGET_NAME)";
				SWIFT_VERSION = 3.0;
			};
			name = Release;
		};
		BC1403EC1EA097CA0066D0B9 /* Debug */ = {
			isa = XCBuildConfiguration;
			buildSettings = {
				ALWAYS_EMBED_SWIFT_STANDARD_LIBRARIES = YES;
				BUNDLE_LOADER = "$(TEST_HOST)";
				INFOPLIST_FILE = "ios-filter-demoTests/Info.plist";
				LD_RUNPATH_SEARCH_PATHS = "$(inherited) @executable_path/Frameworks @loader_path/Frameworks";
				PRODUCT_BUNDLE_IDENTIFIER = "jp.st-ventures.ios-filter-demoTests";
				PRODUCT_NAME = "$(TARGET_NAME)";
				SWIFT_VERSION = 3.0;
				TEST_HOST = "$(BUILT_PRODUCTS_DIR)/ios-filter-demo.app/ios-filter-demo";
			};
			name = Debug;
		};
		BC1403ED1EA097CA0066D0B9 /* Release */ = {
			isa = XCBuildConfiguration;
			buildSettings = {
				ALWAYS_EMBED_SWIFT_STANDARD_LIBRARIES = YES;
				BUNDLE_LOADER = "$(TEST_HOST)";
				INFOPLIST_FILE = "ios-filter-demoTests/Info.plist";
				LD_RUNPATH_SEARCH_PATHS = "$(inherited) @executable_path/Frameworks @loader_path/Frameworks";
				PRODUCT_BUNDLE_IDENTIFIER = "jp.st-ventures.ios-filter-demoTests";
				PRODUCT_NAME = "$(TARGET_NAME)";
				SWIFT_VERSION = 3.0;
				TEST_HOST = "$(BUILT_PRODUCTS_DIR)/ios-filter-demo.app/ios-filter-demo";
			};
			name = Release;
		};
/* End XCBuildConfiguration section */

/* Begin XCConfigurationList section */
		BC1403C61EA097C90066D0B9 /* Build configuration list for PBXProject "ios-filter-demo" */ = {
			isa = XCConfigurationList;
			buildConfigurations = (
				BC1403E61EA097CA0066D0B9 /* Debug */,
				BC1403E71EA097CA0066D0B9 /* Release */,
			);
			defaultConfigurationIsVisible = 0;
			defaultConfigurationName = Release;
		};
		BC1403E81EA097CA0066D0B9 /* Build configuration list for PBXNativeTarget "ios-filter-demo" */ = {
			isa = XCConfigurationList;
			buildConfigurations = (
				BC1403E91EA097CA0066D0B9 /* Debug */,
				BC1403EA1EA097CA0066D0B9 /* Release */,
			);
			defaultConfigurationIsVisible = 0;
			defaultConfigurationName = Release;
		};
		BC1403EB1EA097CA0066D0B9 /* Build configuration list for PBXNativeTarget "ios-filter-demoTests" */ = {
			isa = XCConfigurationList;
			buildConfigurations = (
				BC1403EC1EA097CA0066D0B9 /* Debug */,
				BC1403ED1EA097CA0066D0B9 /* Release */,
			);
			defaultConfigurationIsVisible = 0;
			defaultConfigurationName = Release;
		};
/* End XCConfigurationList section */
	};
	rootObject = BC1403C31EA097C90066D0B9 /* Project object */;
}
